// !$*UTF8*$!
{
	archiveVersion = 1;
	classes = {
	};
	objectVersion = 50;
	objects = {

/* Begin PBXBuildFile section */
		1FABEB7F239D78B9002B9714 /* AboutViewController.swift in Sources */ = {isa = PBXBuildFile; fileRef = 1FABEB7E239D78B9002B9714 /* AboutViewController.swift */; };
		1FBC32F7239CD52400416FDF /* AppDelegate.swift in Sources */ = {isa = PBXBuildFile; fileRef = 1FBC32F6239CD52400416FDF /* AppDelegate.swift */; };
		1FBC32F9239CD52400416FDF /* SceneDelegate.swift in Sources */ = {isa = PBXBuildFile; fileRef = 1FBC32F8239CD52400416FDF /* SceneDelegate.swift */; };
		1FBC32FB239CD52400416FDF /* ViewController.swift in Sources */ = {isa = PBXBuildFile; fileRef = 1FBC32FA239CD52400416FDF /* ViewController.swift */; };
		1FBC32FE239CD52400416FDF /* Main.storyboard in Resources */ = {isa = PBXBuildFile; fileRef = 1FBC32FC239CD52400416FDF /* Main.storyboard */; };
		1FBC3300239CD52700416FDF /* Assets.xcassets in Resources */ = {isa = PBXBuildFile; fileRef = 1FBC32FF239CD52700416FDF /* Assets.xcassets */; };
		1FBC3303239CD52700416FDF /* LaunchScreen.storyboard in Resources */ = {isa = PBXBuildFile; fileRef = 1FBC3301239CD52700416FDF /* LaunchScreen.storyboard */; };
/* End PBXBuildFile section */

/* Begin PBXFileReference section */
		1FABEB7E239D78B9002B9714 /* AboutViewController.swift */ = {isa = PBXFileReference; lastKnownFileType = sourcecode.swift; path = AboutViewController.swift; sourceTree = "<group>"; };
		1FBC32F3239CD52400416FDF /* Bull's Eye.app */ = {isa = PBXFileReference; explicitFileType = wrapper.application; includeInIndex = 0; path = "Bull's Eye.app"; sourceTree = BUILT_PRODUCTS_DIR; };
		1FBC32F6239CD52400416FDF /* AppDelegate.swift */ = {isa = PBXFileReference; lastKnownFileType = sourcecode.swift; path = AppDelegate.swift; sourceTree = "<group>"; };
		1FBC32F8239CD52400416FDF /* SceneDelegate.swift */ = {isa = PBXFileReference; lastKnownFileType = sourcecode.swift; path = SceneDelegate.swift; sourceTree = "<group>"; };
		1FBC32FA239CD52400416FDF /* ViewController.swift */ = {isa = PBXFileReference; lastKnownFileType = sourcecode.swift; path = ViewController.swift; sourceTree = "<group>"; };
		1FBC32FD239CD52400416FDF /* Base */ = {isa = PBXFileReference; lastKnownFileType = file.storyboard; name = Base; path = Base.lproj/Main.storyboard; sourceTree = "<group>"; };
		1FBC32FF239CD52700416FDF /* Assets.xcassets */ = {isa = PBXFileReference; lastKnownFileType = folder.assetcatalog; path = Assets.xcassets; sourceTree = "<group>"; };
		1FBC3302239CD52700416FDF /* Base */ = {isa = PBXFileReference; lastKnownFileType = file.storyboard; name = Base; path = Base.lproj/LaunchScreen.storyboard; sourceTree = "<group>"; };
		1FBC3304239CD52700416FDF /* Info.plist */ = {isa = PBXFileReference; lastKnownFileType = text.plist.xml; path = Info.plist; sourceTree = "<group>"; };
/* End PBXFileReference section */

/* Begin PBXFrameworksBuildPhase section */
		1FBC32F0239CD52400416FDF /* Frameworks */ = {
			isa = PBXFrameworksBuildPhase;
			buildActionMask = 2147483647;
			files = (
			);
			runOnlyForDeploymentPostprocessing = 0;
		};
/* End PBXFrameworksBuildPhase section */

/* Begin PBXGroup section */
		1FBC32EA239CD52400416FDF = {
			isa = PBXGroup;
			children = (
				1FBC32F5239CD52400416FDF /* BullsEye(UiKit) */,
				1FBC32F4239CD52400416FDF /* Products */,
			);
			sourceTree = "<group>";
		};
		1FBC32F4239CD52400416FDF /* Products */ = {
			isa = PBXGroup;
			children = (
				1FBC32F3239CD52400416FDF /* Bull's Eye.app */,
			);
			name = Products;
			sourceTree = "<group>";
		};
		1FBC32F5239CD52400416FDF /* BullsEye(UiKit) */ = {
			isa = PBXGroup;
			children = (
				1FBC32F6239CD52400416FDF /* AppDelegate.swift */,
				1FBC32F8239CD52400416FDF /* SceneDelegate.swift */,
				1FBC32FA239CD52400416FDF /* ViewController.swift */,
				1FABEB7E239D78B9002B9714 /* AboutViewController.swift */,
				1FBC32FC239CD52400416FDF /* Main.storyboard */,
				1FBC32FF239CD52700416FDF /* Assets.xcassets */,
				1FBC3301239CD52700416FDF /* LaunchScreen.storyboard */,
				1FBC3304239CD52700416FDF /* Info.plist */,
			);
			path = "BullsEye(UiKit)";
			sourceTree = "<group>";
		};
/* End PBXGroup section */

/* Begin PBXNativeTarget section */
		1FBC32F2239CD52400416FDF /* BullsEye(UiKit) */ = {
			isa = PBXNativeTarget;
			buildConfigurationList = 1FBC3307239CD52700416FDF /* Build configuration list for PBXNativeTarget "BullsEye(UiKit)" */;
			buildPhases = (
				1FBC32EF239CD52400416FDF /* Sources */,
				1FBC32F0239CD52400416FDF /* Frameworks */,
				1FBC32F1239CD52400416FDF /* Resources */,
			);
			buildRules = (
			);
			dependencies = (
			);
			name = "BullsEye(UiKit)";
			productName = "BullsEye(UiKit)";
			productReference = 1FBC32F3239CD52400416FDF /* Bull's Eye.app */;
			productType = "com.apple.product-type.application";
		};
/* End PBXNativeTarget section */

/* Begin PBXProject section */
		1FBC32EB239CD52400416FDF /* Project object */ = {
			isa = PBXProject;
			attributes = {
				LastSwiftUpdateCheck = 1120;
				LastUpgradeCheck = 1120;
				ORGANIZATIONNAME = "Ashish Kumar";
				TargetAttributes = {
					1FBC32F2239CD52400416FDF = {
						CreatedOnToolsVersion = 11.2.1;
					};
				};
			};
			buildConfigurationList = 1FBC32EE239CD52400416FDF /* Build configuration list for PBXProject "BullsEye(UiKit)" */;
			compatibilityVersion = "Xcode 9.3";
			developmentRegion = en;
			hasScannedForEncodings = 0;
			knownRegions = (
				en,
				Base,
			);
			mainGroup = 1FBC32EA239CD52400416FDF;
			productRefGroup = 1FBC32F4239CD52400416FDF /* Products */;
			projectDirPath = "";
			projectRoot = "";
			targets = (
				1FBC32F2239CD52400416FDF /* BullsEye(UiKit) */,
			);
		};
/* End PBXProject section */

/* Begin PBXResourcesBuildPhase section */
		1FBC32F1239CD52400416FDF /* Resources */ = {
			isa = PBXResourcesBuildPhase;
			buildActionMask = 2147483647;
			files = (
				1FBC3303239CD52700416FDF /* LaunchScreen.storyboard in Resources */,
				1FBC3300239CD52700416FDF /* Assets.xcassets in Resources */,
				1FBC32FE239CD52400416FDF /* Main.storyboard in Resources */,
			);
			runOnlyForDeploymentPostprocessing = 0;
		};
/* End PBXResourcesBuildPhase section */

/* Begin PBXSourcesBuildPhase section */
		1FBC32EF239CD52400416FDF /* Sources */ = {
			isa = PBXSourcesBuildPhase;
			buildActionMask = 2147483647;
			files = (
				1FBC32FB239CD52400416FDF /* ViewController.swift in Sources */,
				1FBC32F7239CD52400416FDF /* AppDelegate.swift in Sources */,
				1FABEB7F239D78B9002B9714 /* AboutViewController.swift in Sources */,
				1FBC32F9239CD52400416FDF /* SceneDelegate.swift in Sources */,
			);
			runOnlyForDeploymentPostprocessing = 0;
		};
/* End PBXSourcesBuildPhase section */

/* Begin PBXVariantGroup section */
		1FBC32FC239CD52400416FDF /* Main.storyboard */ = {
			isa = PBXVariantGroup;
			children = (
				1FBC32FD239CD52400416FDF /* Base */,
			);
			name = Main.storyboard;
			sourceTree = "<group>";
		};
		1FBC3301239CD52700416FDF /* LaunchScreen.storyboard */ = {
			isa = PBXVariantGroup;
			children = (
				1FBC3302239CD52700416FDF /* Base */,
			);
			name = LaunchScreen.storyboard;
			sourceTree = "<group>";
		};
/* End PBXVariantGroup section */

/* Begin XCBuildConfiguration section */
		1FBC3305239CD52700416FDF /* Debug */ = {
			isa = XCBuildConfiguration;
			buildSettings = {
				ALWAYS_SEARCH_USER_PATHS = NO;
				CLANG_ANALYZER_NONNULL = YES;
				CLANG_ANALYZER_NUMBER_OBJECT_CONVERSION = YES_AGGRESSIVE;
				CLANG_CXX_LANGUAGE_STANDARD = "gnu++14";
				CLANG_CXX_LIBRARY = "libc++";
				CLANG_ENABLE_MODULES = YES;
				CLANG_ENABLE_OBJC_ARC = YES;
				CLANG_ENABLE_OBJC_WEAK = YES;
				CLANG_WARN_BLOCK_CAPTURE_AUTORELEASING = YES;
				CLANG_WARN_BOOL_CONVERSION = YES;
				CLANG_WARN_COMMA = YES;
				CLANG_WARN_CONSTANT_CONVERSION = YES;
				CLANG_WARN_DEPRECATED_OBJC_IMPLEMENTATIONS = YES;
				CLANG_WARN_DIRECT_OBJC_ISA_USAGE = YES_ERROR;
				CLANG_WARN_DOCUMENTATION_COMMENTS = YES;
				CLANG_WARN_EMPTY_BODY = YES;
				CLANG_WARN_ENUM_CONVERSION = YES;
				CLANG_WARN_INFINITE_RECURSION = YES;
				CLANG_WARN_INT_CONVERSION = YES;
				CLANG_WARN_NON_LITERAL_NULL_CONVERSION = YES;
				CLANG_WARN_OBJC_IMPLICIT_RETAIN_SELF = YES;
				CLANG_WARN_OBJC_LITERAL_CONVERSION = YES;
				CLANG_WARN_OBJC_ROOT_CLASS = YES_ERROR;
				CLANG_WARN_RANGE_LOOP_ANALYSIS = YES;
				CLANG_WARN_STRICT_PROTOTYPES = YES;
				CLANG_WARN_SUSPICIOUS_MOVE = YES;
				CLANG_WARN_UNGUARDED_AVAILABILITY = YES_AGGRESSIVE;
				CLANG_WARN_UNREACHABLE_CODE = YES;
				CLANG_WARN__DUPLICATE_METHOD_MATCH = YES;
				COPY_PHASE_STRIP = NO;
				DEBUG_INFORMATION_FORMAT = dwarf;
				ENABLE_STRICT_OBJC_MSGSEND = YES;
				ENABLE_TESTABILITY = YES;
				GCC_C_LANGUAGE_STANDARD = gnu11;
				GCC_DYNAMIC_NO_PIC = NO;
				GCC_NO_COMMON_BLOCKS = YES;
				GCC_OPTIMIZATION_LEVEL = 0;
				GCC_PREPROCESSOR_DEFINITIONS = (
					"DEBUG=1",
					"$(inherited)",
				);
				GCC_WARN_64_TO_32_BIT_CONVERSION = YES;
				GCC_WARN_ABOUT_RETURN_TYPE = YES_ERROR;
				GCC_WARN_UNDECLARED_SELECTOR = YES;
				GCC_WARN_UNINITIALIZED_AUTOS = YES_AGGRESSIVE;
				GCC_WARN_UNUSED_FUNCTION = YES;
				GCC_WARN_UNUSED_VARIABLE = YES;
				IPHONEOS_DEPLOYMENT_TARGET = 13.2;
				MTL_ENABLE_DEBUG_INFO = INCLUDE_SOURCE;
				MTL_FAST_MATH = YES;
				ONLY_ACTIVE_ARCH = YES;
				SDKROOT = iphoneos;
				SWIFT_ACTIVE_COMPILATION_CONDITIONS = DEBUG;
				SWIFT_OPTIMIZATION_LEVEL = "-Onone";
			};
			name = Debug;
		};
		1FBC3306239CD52700416FDF /* Release */ = {
			isa = XCBuildConfiguration;
			buildSettings = {
				ALWAYS_SEARCH_USER_PATHS = NO;
				CLANG_ANALYZER_NONNULL = YES;
				CLANG_ANALYZER_NUMBER_OBJECT_CONVERSION = YES_AGGRESSIVE;
				CLANG_CXX_LANGUAGE_STANDARD = "gnu++14";
				CLANG_CXX_LIBRARY = "libc++";
				CLANG_ENABLE_MODULES = YES;
				CLANG_ENABLE_OBJC_ARC = YES;
				CLANG_ENABLE_OBJC_WEAK = YES;
				CLANG_WARN_BLOCK_CAPTURE_AUTORELEASING = YES;
				CLANG_WARN_BOOL_CONVERSION = YES;
				CLANG_WARN_COMMA = YES;
				CLANG_WARN_CONSTANT_CONVERSION = YES;
				CLANG_WARN_DEPRECATED_OBJC_IMPLEMENTATIONS = YES;
				CLANG_WARN_DIRECT_OBJC_ISA_USAGE = YES_ERROR;
				CLANG_WARN_DOCUMENTATION_COMMENTS = YES;
				CLANG_WARN_EMPTY_BODY = YES;
				CLANG_WARN_ENUM_CONVERSION = YES;
				CLANG_WARN_INFINITE_RECURSION = YES;
				CLANG_WARN_INT_CONVERSION = YES;
				CLANG_WARN_NON_LITERAL_NULL_CONVERSION = YES;
				CLANG_WARN_OBJC_IMPLICIT_RETAIN_SELF = YES;
				CLANG_WARN_OBJC_LITERAL_CONVERSION = YES;
				CLANG_WARN_OBJC_ROOT_CLASS = YES_ERROR;
				CLANG_WARN_RANGE_LOOP_ANALYSIS = YES;
				CLANG_WARN_STRICT_PROTOTYPES = YES;
				CLANG_WARN_SUSPICIOUS_MOVE = YES;
				CLANG_WARN_UNGUARDED_AVAILABILITY = YES_AGGRESSIVE;
				CLANG_WARN_UNREACHABLE_CODE = YES;
				CLANG_WARN__DUPLICATE_METHOD_MATCH = YES;
				COPY_PHASE_STRIP = NO;
				DEBUG_INFORMATION_FORMAT = "dwarf-with-dsym";
				ENABLE_NS_ASSERTIONS = NO;
				ENABLE_STRICT_OBJC_MSGSEND = YES;
				GCC_C_LANGUAGE_STANDARD = gnu11;
				GCC_NO_COMMON_BLOCKS = YES;
				GCC_WARN_64_TO_32_BIT_CONVERSION = YES;
				GCC_WARN_ABOUT_RETURN_TYPE = YES_ERROR;
				GCC_WARN_UNDECLARED_SELECTOR = YES;
				GCC_WARN_UNINITIALIZED_AUTOS = YES_AGGRESSIVE;
				GCC_WARN_UNUSED_FUNCTION = YES;
				GCC_WARN_UNUSED_VARIABLE = YES;
				IPHONEOS_DEPLOYMENT_TARGET = 13.2;
				MTL_ENABLE_DEBUG_INFO = NO;
				MTL_FAST_MATH = YES;
				SDKROOT = iphoneos;
				SWIFT_COMPILATION_MODE = wholemodule;
				SWIFT_OPTIMIZATION_LEVEL = "-O";
				VALIDATE_PRODUCT = YES;
			};
			name = Release;
		};
		1FBC3308239CD52700416FDF /* Debug */ = {
			isa = XCBuildConfiguration;
			buildSettings = {
				ASSETCATALOG_COMPILER_APPICON_NAME = AppIcon;
				CODE_SIGN_STYLE = Automatic;
				INFOPLIST_FILE = "BullsEye(UiKit)/Info.plist";
				LD_RUNPATH_SEARCH_PATHS = (
					"$(inherited)",
					"@executable_path/Frameworks",
				);
				PRODUCT_BUNDLE_IDENTIFIER = "com.AshishK1312.BullsEye-UiKit-";
				PRODUCT_NAME = "Bull's Eye";
				SWIFT_VERSION = 5.0;
				TARGETED_DEVICE_FAMILY = "1,2";
			};
			name = Debug;
		};
		1FBC3309239CD52700416FDF /* Release */ = {
			isa = XCBuildConfiguration;
			buildSettings = {
				ASSETCATALOG_COMPILER_APPICON_NAME = AppIcon;
				CODE_SIGN_STYLE = Automatic;
				INFOPLIST_FILE = "BullsEye(UiKit)/Info.plist";
				LD_RUNPATH_SEARCH_PATHS = (
					"$(inherited)",
					"@executable_path/Frameworks",
				);
				PRODUCT_BUNDLE_IDENTIFIER = "com.AshishK1312.BullsEye-UiKit-";
				PRODUCT_NAME = "Bull's Eye";
				SWIFT_VERSION = 5.0;
				TARGETED_DEVICE_FAMILY = "1,2";
			};
			name = Release;
		};
/* End XCBuildConfiguration section */

/* Begin XCConfigurationList section */
		1FBC32EE239CD52400416FDF /* Build configuration list for PBXProject "BullsEye(UiKit)" */ = {
			isa = XCConfigurationList;
			buildConfigurations = (
				1FBC3305239CD52700416FDF /* Debug */,
				1FBC3306239CD52700416FDF /* Release */,
			);
			defaultConfigurationIsVisible = 0;
			defaultConfigurationName = Release;
		};
		1FBC3307239CD52700416FDF /* Build configuration list for PBXNativeTarget "BullsEye(UiKit)" */ = {
			isa = XCConfigurationList;
			buildConfigurations = (
				1FBC3308239CD52700416FDF /* Debug */,
				1FBC3309239CD52700416FDF /* Release */,
			);
			defaultConfigurationIsVisible = 0;
			defaultConfigurationName = Release;
		};
/* End XCConfigurationList section */
	};
	rootObject = 1FBC32EB239CD52400416FDF /* Project object */;
}
